// !$*UTF8*$!
{
	archiveVersion = 1;
	classes = {
	};
	objectVersion = 46;
	objects = {

/* Begin PBXBuildFile section */
		A97FBF231F8AD7D100FFDC66 /* AppDelegate.swift in Sources */ = {isa = PBXBuildFile; fileRef = A97FBF221F8AD7D100FFDC66 /* AppDelegate.swift */; };
		A97FBF251F8AD7D100FFDC66 /* ViewController.swift in Sources */ = {isa = PBXBuildFile; fileRef = A97FBF241F8AD7D100FFDC66 /* ViewController.swift */; };
		A97FBF281F8AD7D100FFDC66 /* Main.storyboard in Resources */ = {isa = PBXBuildFile; fileRef = A97FBF261F8AD7D100FFDC66 /* Main.storyboard */; };
		A97FBF2A1F8AD7D100FFDC66 /* Assets.xcassets in Resources */ = {isa = PBXBuildFile; fileRef = A97FBF291F8AD7D100FFDC66 /* Assets.xcassets */; };
		A97FBF2D1F8AD7D100FFDC66 /* LaunchScreen.storyboard in Resources */ = {isa = PBXBuildFile; fileRef = A97FBF2B1F8AD7D100FFDC66 /* LaunchScreen.storyboard */; };
		A97FBF381F8AD7D100FFDC66 /* QuizTests.swift in Sources */ = {isa = PBXBuildFile; fileRef = A97FBF371F8AD7D100FFDC66 /* QuizTests.swift */; };
		A97FBF431F8AD7D100FFDC66 /* QuizUITests.swift in Sources */ = {isa = PBXBuildFile; fileRef = A97FBF421F8AD7D100FFDC66 /* QuizUITests.swift */; };
/* End PBXBuildFile section */

/* Begin PBXContainerItemProxy section */
		A97FBF341F8AD7D100FFDC66 /* PBXContainerItemProxy */ = {
			isa = PBXContainerItemProxy;
			containerPortal = A97FBF171F8AD7D100FFDC66 /* Project object */;
			proxyType = 1;
			remoteGlobalIDString = A97FBF1E1F8AD7D100FFDC66;
			remoteInfo = Quiz;
		};
		A97FBF3F1F8AD7D100FFDC66 /* PBXContainerItemProxy */ = {
			isa = PBXContainerItemProxy;
			containerPortal = A97FBF171F8AD7D100FFDC66 /* Project object */;
			proxyType = 1;
			remoteGlobalIDString = A97FBF1E1F8AD7D100FFDC66;
			remoteInfo = Quiz;
		};
/* End PBXContainerItemProxy section */

/* Begin PBXFileReference section */
		A97FBF1F1F8AD7D100FFDC66 /* Quiz.app */ = {isa = PBXFileReference; explicitFileType = wrapper.application; includeInIndex = 0; path = Quiz.app; sourceTree = BUILT_PRODUCTS_DIR; };
		A97FBF221F8AD7D100FFDC66 /* AppDelegate.swift */ = {isa = PBXFileReference; lastKnownFileType = sourcecode.swift; path = AppDelegate.swift; sourceTree = "<group>"; };
		A97FBF241F8AD7D100FFDC66 /* ViewController.swift */ = {isa = PBXFileReference; lastKnownFileType = sourcecode.swift; path = ViewController.swift; sourceTree = "<group>"; };
		A97FBF271F8AD7D100FFDC66 /* Base */ = {isa = PBXFileReference; lastKnownFileType = file.storyboard; name = Base; path = Base.lproj/Main.storyboard; sourceTree = "<group>"; };
		A97FBF291F8AD7D100FFDC66 /* Assets.xcassets */ = {isa = PBXFileReference; lastKnownFileType = folder.assetcatalog; path = Assets.xcassets; sourceTree = "<group>"; };
		A97FBF2C1F8AD7D100FFDC66 /* Base */ = {isa = PBXFileReference; lastKnownFileType = file.storyboard; name = Base; path = Base.lproj/LaunchScreen.storyboard; sourceTree = "<group>"; };
		A97FBF2E1F8AD7D100FFDC66 /* Info.plist */ = {isa = PBXFileReference; lastKnownFileType = text.plist.xml; path = Info.plist; sourceTree = "<group>"; };
		A97FBF331F8AD7D100FFDC66 /* QuizTests.xctest */ = {isa = PBXFileReference; explicitFileType = wrapper.cfbundle; includeInIndex = 0; path = QuizTests.xctest; sourceTree = BUILT_PRODUCTS_DIR; };
		A97FBF371F8AD7D100FFDC66 /* QuizTests.swift */ = {isa = PBXFileReference; lastKnownFileType = sourcecode.swift; path = QuizTests.swift; sourceTree = "<group>"; };
		A97FBF391F8AD7D100FFDC66 /* Info.plist */ = {isa = PBXFileReference; lastKnownFileType = text.plist.xml; path = Info.plist; sourceTree = "<group>"; };
		A97FBF3E1F8AD7D100FFDC66 /* QuizUITests.xctest */ = {isa = PBXFileReference; explicitFileType = wrapper.cfbundle; includeInIndex = 0; path = QuizUITests.xctest; sourceTree = BUILT_PRODUCTS_DIR; };
		A97FBF421F8AD7D100FFDC66 /* QuizUITests.swift */ = {isa = PBXFileReference; lastKnownFileType = sourcecode.swift; path = QuizUITests.swift; sourceTree = "<group>"; };
		A97FBF441F8AD7D100FFDC66 /* Info.plist */ = {isa = PBXFileReference; lastKnownFileType = text.plist.xml; path = Info.plist; sourceTree = "<group>"; };
/* End PBXFileReference section */

/* Begin PBXFrameworksBuildPhase section */
		A97FBF1C1F8AD7D100FFDC66 /* Frameworks */ = {
			isa = PBXFrameworksBuildPhase;
			buildActionMask = 2147483647;
			files = (
			);
			runOnlyForDeploymentPostprocessing = 0;
		};
		A97FBF301F8AD7D100FFDC66 /* Frameworks */ = {
			isa = PBXFrameworksBuildPhase;
			buildActionMask = 2147483647;
			files = (
			);
			runOnlyForDeploymentPostprocessing = 0;
		};
		A97FBF3B1F8AD7D100FFDC66 /* Frameworks */ = {
			isa = PBXFrameworksBuildPhase;
			buildActionMask = 2147483647;
			files = (
			);
			runOnlyForDeploymentPostprocessing = 0;
		};
/* End PBXFrameworksBuildPhase section */

/* Begin PBXGroup section */
		A97FBF161F8AD7D100FFDC66 = {
			isa = PBXGroup;
			children = (
				A97FBF211F8AD7D100FFDC66 /* Quiz */,
				A97FBF361F8AD7D100FFDC66 /* QuizTests */,
				A97FBF411F8AD7D100FFDC66 /* QuizUITests */,
				A97FBF201F8AD7D100FFDC66 /* Products */,
			);
			sourceTree = "<group>";
		};
		A97FBF201F8AD7D100FFDC66 /* Products */ = {
			isa = PBXGroup;
			children = (
				A97FBF1F1F8AD7D100FFDC66 /* Quiz.app */,
				A97FBF331F8AD7D100FFDC66 /* QuizTests.xctest */,
				A97FBF3E1F8AD7D100FFDC66 /* QuizUITests.xctest */,
			);
			name = Products;
			sourceTree = "<group>";
		};
		A97FBF211F8AD7D100FFDC66 /* Quiz */ = {
			isa = PBXGroup;
			children = (
				A97FBF221F8AD7D100FFDC66 /* AppDelegate.swift */,
				A97FBF241F8AD7D100FFDC66 /* ViewController.swift */,
				A97FBF261F8AD7D100FFDC66 /* Main.storyboard */,
				A97FBF291F8AD7D100FFDC66 /* Assets.xcassets */,
				A97FBF2B1F8AD7D100FFDC66 /* LaunchScreen.storyboard */,
				A97FBF2E1F8AD7D100FFDC66 /* Info.plist */,
			);
			path = Quiz;
			sourceTree = "<group>";
		};
		A97FBF361F8AD7D100FFDC66 /* QuizTests */ = {
			isa = PBXGroup;
			children = (
				A97FBF371F8AD7D100FFDC66 /* QuizTests.swift */,
				A97FBF391F8AD7D100FFDC66 /* Info.plist */,
			);
			path = QuizTests;
			sourceTree = "<group>";
		};
		A97FBF411F8AD7D100FFDC66 /* QuizUITests */ = {
			isa = PBXGroup;
			children = (
				A97FBF421F8AD7D100FFDC66 /* QuizUITests.swift */,
				A97FBF441F8AD7D100FFDC66 /* Info.plist */,
			);
			path = QuizUITests;
			sourceTree = "<group>";
		};
/* End PBXGroup section */

/* Begin PBXNativeTarget section */
		A97FBF1E1F8AD7D100FFDC66 /* Quiz */ = {
			isa = PBXNativeTarget;
			buildConfigurationList = A97FBF471F8AD7D100FFDC66 /* Build configuration list for PBXNativeTarget "Quiz" */;
			buildPhases = (
				A97FBF1B1F8AD7D100FFDC66 /* Sources */,
				A97FBF1C1F8AD7D100FFDC66 /* Frameworks */,
				A97FBF1D1F8AD7D100FFDC66 /* Resources */,
			);
			buildRules = (
			);
			dependencies = (
			);
			name = Quiz;
			productName = Quiz;
			productReference = A97FBF1F1F8AD7D100FFDC66 /* Quiz.app */;
			productType = "com.apple.product-type.application";
		};
		A97FBF321F8AD7D100FFDC66 /* QuizTests */ = {
			isa = PBXNativeTarget;
			buildConfigurationList = A97FBF4A1F8AD7D100FFDC66 /* Build configuration list for PBXNativeTarget "QuizTests" */;
			buildPhases = (
				A97FBF2F1F8AD7D100FFDC66 /* Sources */,
				A97FBF301F8AD7D100FFDC66 /* Frameworks */,
				A97FBF311F8AD7D100FFDC66 /* Resources */,
			);
			buildRules = (
			);
			dependencies = (
				A97FBF351F8AD7D100FFDC66 /* PBXTargetDependency */,
			);
			name = QuizTests;
			productName = QuizTests;
			productReference = A97FBF331F8AD7D100FFDC66 /* QuizTests.xctest */;
			productType = "com.apple.product-type.bundle.unit-test";
		};
		A97FBF3D1F8AD7D100FFDC66 /* QuizUITests */ = {
			isa = PBXNativeTarget;
			buildConfigurationList = A97FBF4D1F8AD7D100FFDC66 /* Build configuration list for PBXNativeTarget "QuizUITests" */;
			buildPhases = (
				A97FBF3A1F8AD7D100FFDC66 /* Sources */,
				A97FBF3B1F8AD7D100FFDC66 /* Frameworks */,
				A97FBF3C1F8AD7D100FFDC66 /* Resources */,
			);
			buildRules = (
			);
			dependencies = (
				A97FBF401F8AD7D100FFDC66 /* PBXTargetDependency */,
			);
			name = QuizUITests;
			productName = QuizUITests;
			productReference = A97FBF3E1F8AD7D100FFDC66 /* QuizUITests.xctest */;
			productType = "com.apple.product-type.bundle.ui-testing";
		};
/* End PBXNativeTarget section */

/* Begin PBXProject section */
		A97FBF171F8AD7D100FFDC66 /* Project object */ = {
			isa = PBXProject;
			attributes = {
				LastSwiftUpdateCheck = 0810;
				LastUpgradeCheck = 0810;
				ORGANIZATIONNAME = "jin tao";
				TargetAttributes = {
					A97FBF1E1F8AD7D100FFDC66 = {
						CreatedOnToolsVersion = 8.1;
						ProvisioningStyle = Automatic;
					};
					A97FBF321F8AD7D100FFDC66 = {
						CreatedOnToolsVersion = 8.1;
						ProvisioningStyle = Automatic;
						TestTargetID = A97FBF1E1F8AD7D100FFDC66;
					};
					A97FBF3D1F8AD7D100FFDC66 = {
						CreatedOnToolsVersion = 8.1;
						ProvisioningStyle = Automatic;
						TestTargetID = A97FBF1E1F8AD7D100FFDC66;
					};
				};
			};
			buildConfigurationList = A97FBF1A1F8AD7D100FFDC66 /* Build configuration list for PBXProject "Quiz" */;
			compatibilityVersion = "Xcode 3.2";
			developmentRegion = English;
			hasScannedForEncodings = 0;
			knownRegions = (
				en,
				Base,
			);
			mainGroup = A97FBF161F8AD7D100FFDC66;
			productRefGroup = A97FBF201F8AD7D100FFDC66 /* Products */;
			projectDirPath = "";
			projectRoot = "";
			targets = (
				A97FBF1E1F8AD7D100FFDC66 /* Quiz */,
				A97FBF321F8AD7D100FFDC66 /* QuizTests */,
				A97FBF3D1F8AD7D100FFDC66 /* QuizUITests */,
			);
		};
/* End PBXProject section */

/* Begin PBXResourcesBuildPhase section */
		A97FBF1D1F8AD7D100FFDC66 /* Resources */ = {
			isa = PBXResourcesBuildPhase;
			buildActionMask = 2147483647;
			files = (
				A97FBF2D1F8AD7D100FFDC66 /* LaunchScreen.storyboard in Resources */,
				A97FBF2A1F8AD7D100FFDC66 /* Assets.xcassets in Resources */,
				A97FBF281F8AD7D100FFDC66 /* Main.storyboard in Resources */,
			);
			runOnlyForDeploymentPostprocessing = 0;
		};
		A97FBF311F8AD7D100FFDC66 /* Resources */ = {
			isa = PBXResourcesBuildPhase;
			buildActionMask = 2147483647;
			files = (
			);
			runOnlyForDeploymentPostprocessing = 0;
		};
		A97FBF3C1F8AD7D100FFDC66 /* Resources */ = {
			isa = PBXResourcesBuildPhase;
			buildActionMask = 2147483647;
			files = (
			);
			runOnlyForDeploymentPostprocessing = 0;
		};
/* End PBXResourcesBuildPhase section */

/* Begin PBXSourcesBuildPhase section */
		A97FBF1B1F8AD7D100FFDC66 /* Sources */ = {
			isa = PBXSourcesBuildPhase;
			buildActionMask = 2147483647;
			files = (
				A97FBF251F8AD7D100FFDC66 /* ViewController.swift in Sources */,
				A97FBF231F8AD7D100FFDC66 /* AppDelegate.swift in Sources */,
			);
			runOnlyForDeploymentPostprocessing = 0;
		};
		A97FBF2F1F8AD7D100FFDC66 /* Sources */ = {
			isa = PBXSourcesBuildPhase;
			buildActionMask = 2147483647;
			files = (
				A97FBF381F8AD7D100FFDC66 /* QuizTests.swift in Sources */,
			);
			runOnlyForDeploymentPostprocessing = 0;
		};
		A97FBF3A1F8AD7D100FFDC66 /* Sources */ = {
			isa = PBXSourcesBuildPhase;
			buildActionMask = 2147483647;
			files = (
				A97FBF431F8AD7D100FFDC66 /* QuizUITests.swift in Sources */,
			);
			runOnlyForDeploymentPostprocessing = 0;
		};
/* End PBXSourcesBuildPhase section */

/* Begin PBXTargetDependency section */
		A97FBF351F8AD7D100FFDC66 /* PBXTargetDependency */ = {
			isa = PBXTargetDependency;
			target = A97FBF1E1F8AD7D100FFDC66 /* Quiz */;
			targetProxy = A97FBF341F8AD7D100FFDC66 /* PBXContainerItemProxy */;
		};
		A97FBF401F8AD7D100FFDC66 /* PBXTargetDependency */ = {
			isa = PBXTargetDependency;
			target = A97FBF1E1F8AD7D100FFDC66 /* Quiz */;
			targetProxy = A97FBF3F1F8AD7D100FFDC66 /* PBXContainerItemProxy */;
		};
/* End PBXTargetDependency section */

/* Begin PBXVariantGroup section */
		A97FBF261F8AD7D100FFDC66 /* Main.storyboard */ = {
			isa = PBXVariantGroup;
			children = (
				A97FBF271F8AD7D100FFDC66 /* Base */,
			);
			name = Main.storyboard;
			sourceTree = "<group>";
		};
		A97FBF2B1F8AD7D100FFDC66 /* LaunchScreen.storyboard */ = {
			isa = PBXVariantGroup;
			children = (
				A97FBF2C1F8AD7D100FFDC66 /* Base */,
			);
			name = LaunchScreen.storyboard;
			sourceTree = "<group>";
		};
/* End PBXVariantGroup section */

/* Begin XCBuildConfiguration section */
		A97FBF451F8AD7D100FFDC66 /* Debug */ = {
			isa = XCBuildConfiguration;
			buildSettings = {
				ALWAYS_SEARCH_USER_PATHS = NO;
				CLANG_ANALYZER_NONNULL = YES;
				CLANG_CXX_LANGUAGE_STANDARD = "gnu++0x";
				CLANG_CXX_LIBRARY = "libc++";
				CLANG_ENABLE_MODULES = YES;
				CLANG_ENABLE_OBJC_ARC = YES;
				CLANG_WARN_BOOL_CONVERSION = YES;
				CLANG_WARN_CONSTANT_CONVERSION = YES;
				CLANG_WARN_DIRECT_OBJC_ISA_USAGE = YES_ERROR;
				CLANG_WARN_DOCUMENTATION_COMMENTS = YES;
				CLANG_WARN_EMPTY_BODY = YES;
				CLANG_WARN_ENUM_CONVERSION = YES;
				CLANG_WARN_INFINITE_RECURSION = YES;
				CLANG_WARN_INT_CONVERSION = YES;
				CLANG_WARN_OBJC_ROOT_CLASS = YES_ERROR;
				CLANG_WARN_SUSPICIOUS_MOVES = YES;
				CLANG_WARN_UNREACHABLE_CODE = YES;
				CLANG_WARN__DUPLICATE_METHOD_MATCH = YES;
				"CODE_SIGN_IDENTITY[sdk=iphoneos*]" = "iPhone Developer";
				COPY_PHASE_STRIP = NO;
				DEBUG_INFORMATION_FORMAT = dwarf;
				ENABLE_STRICT_OBJC_MSGSEND = YES;
				ENABLE_TESTABILITY = YES;
				GCC_C_LANGUAGE_STANDARD = gnu99;
				GCC_DYNAMIC_NO_PIC = NO;
				GCC_NO_COMMON_BLOCKS = YES;
				GCC_OPTIMIZATION_LEVEL = 0;
				GCC_PREPROCESSOR_DEFINITIONS = (
					"DEBUG=1",
					"$(inherited)",
				);
				GCC_WARN_64_TO_32_BIT_CONVERSION = YES;
				GCC_WARN_ABOUT_RETURN_TYPE = YES_ERROR;
				GCC_WARN_UNDECLARED_SELECTOR = YES;
				GCC_WARN_UNINITIALIZED_AUTOS = YES_AGGRESSIVE;
				GCC_WARN_UNUSED_FUNCTION = YES;
				GCC_WARN_UNUSED_VARIABLE = YES;
				IPHONEOS_DEPLOYMENT_TARGET = 10.1;
				MTL_ENABLE_DEBUG_INFO = YES;
				ONLY_ACTIVE_ARCH = YES;
				SDKROOT = iphoneos;
				SWIFT_ACTIVE_COMPILATION_CONDITIONS = DEBUG;
				SWIFT_OPTIMIZATION_LEVEL = "-Onone";
			};
			name = Debug;
		};
		A97FBF461F8AD7D100FFDC66 /* Release */ = {
			isa = XCBuildConfiguration;
			buildSettings = {
				ALWAYS_SEARCH_USER_PATHS = NO;
				CLANG_ANALYZER_NONNULL = YES;
				CLANG_CXX_LANGUAGE_STANDARD = "gnu++0x";
				CLANG_CXX_LIBRARY = "libc++";
				CLANG_ENABLE_MODULES = YES;
				CLANG_ENABLE_OBJC_ARC = YES;
				CLANG_WARN_BOOL_CONVERSION = YES;
				CLANG_WARN_CONSTANT_CONVERSION = YES;
				CLANG_WARN_DIRECT_OBJC_ISA_USAGE = YES_ERROR;
				CLANG_WARN_DOCUMENTATION_COMMENTS = YES;
				CLANG_WARN_EMPTY_BODY = YES;
				CLANG_WARN_ENUM_CONVERSION = YES;
				CLANG_WARN_INFINITE_RECURSION = YES;
				CLANG_WARN_INT_CONVERSION = YES;
				CLANG_WARN_OBJC_ROOT_CLASS = YES_ERROR;
				CLANG_WARN_SUSPICIOUS_MOVES = YES;
				CLANG_WARN_UNREACHABLE_CODE = YES;
				CLANG_WARN__DUPLICATE_METHOD_MATCH = YES;
				"CODE_SIGN_IDENTITY[sdk=iphoneos*]" = "iPhone Developer";
				COPY_PHASE_STRIP = NO;
				DEBUG_INFORMATION_FORMAT = "dwarf-with-dsym";
				ENABLE_NS_ASSERTIONS = NO;
				ENABLE_STRICT_OBJC_MSGSEND = YES;
				GCC_C_LANGUAGE_STANDARD = gnu99;
				GCC_NO_COMMON_BLOCKS = YES;
				GCC_WARN_64_TO_32_BIT_CONVERSION = YES;
				GCC_WARN_ABOUT_RETURN_TYPE = YES_ERROR;
				GCC_WARN_UNDECLARED_SELECTOR = YES;
				GCC_WARN_UNINITIALIZED_AUTOS = YES_AGGRESSIVE;
				GCC_WARN_UNUSED_FUNCTION = YES;
				GCC_WARN_UNUSED_VARIABLE = YES;
				IPHONEOS_DEPLOYMENT_TARGET = 10.1;
				MTL_ENABLE_DEBUG_INFO = NO;
				SDKROOT = iphoneos;
				SWIFT_OPTIMIZATION_LEVEL = "-Owholemodule";
				VALIDATE_PRODUCT = YES;
			};
			name = Release;
		};
		A97FBF481F8AD7D100FFDC66 /* Debug */ = {
			isa = XCBuildConfiguration;
			buildSettings = {
				ASSETCATALOG_COMPILER_APPICON_NAME = AppIcon;
				INFOPLIST_FILE = Quiz/Info.plist;
				LD_RUNPATH_SEARCH_PATHS = "$(inherited) @executable_path/Frameworks";
				PRODUCT_BUNDLE_IDENTIFIER = com.jintao.Quiz;
				PRODUCT_NAME = "$(TARGET_NAME)";
				SWIFT_VERSION = 3.0;
			};
			name = Debug;
		};
		A97FBF491F8AD7D100FFDC66 /* Release */ = {
			isa = XCBuildConfiguration;
			buildSettings = {
				ASSETCATALOG_COMPILER_APPICON_NAME = AppIcon;
				INFOPLIST_FILE = Quiz/Info.plist;
				LD_RUNPATH_SEARCH_PATHS = "$(inherited) @executable_path/Frameworks";
				PRODUCT_BUNDLE_IDENTIFIER = com.jintao.Quiz;
				PRODUCT_NAME = "$(TARGET_NAME)";
				SWIFT_VERSION = 3.0;
			};
			name = Release;
		};
		A97FBF4B1F8AD7D100FFDC66 /* Debug */ = {
			isa = XCBuildConfiguration;
			buildSettings = {
				ALWAYS_EMBED_SWIFT_STANDARD_LIBRARIES = YES;
				BUNDLE_LOADER = "$(TEST_HOST)";
				INFOPLIST_FILE = QuizTests/Info.plist;
				LD_RUNPATH_SEARCH_PATHS = "$(inherited) @executable_path/Frameworks @loader_path/Frameworks";
				PRODUCT_BUNDLE_IDENTIFIER = com.jintao.QuizTests;
				PRODUCT_NAME = "$(TARGET_NAME)";
				SWIFT_VERSION = 3.0;
				TEST_HOST = "$(BUILT_PRODUCTS_DIR)/Quiz.app/Quiz";
			};
			name = Debug;
		};
		A97FBF4C1F8AD7D100FFDC66 /* Release */ = {
			isa = XCBuildConfiguration;
			buildSettings = {
				ALWAYS_EMBED_SWIFT_STANDARD_LIBRARIES = YES;
				BUNDLE_LOADER = "$(TEST_HOST)";
				INFOPLIST_FILE = QuizTests/Info.plist;
				LD_RUNPATH_SEARCH_PATHS = "$(inherited) @executable_path/Frameworks @loader_path/Frameworks";
				PRODUCT_BUNDLE_IDENTIFIER = com.jintao.QuizTests;
				PRODUCT_NAME = "$(TARGET_NAME)";
				SWIFT_VERSION = 3.0;
				TEST_HOST = "$(BUILT_PRODUCTS_DIR)/Quiz.app/Quiz";
			};
			name = Release;
		};
		A97FBF4E1F8AD7D100FFDC66 /* Debug */ = {
			isa = XCBuildConfiguration;
			buildSettings = {
				ALWAYS_EMBED_SWIFT_STANDARD_LIBRARIES = YES;
				INFOPLIST_FILE = QuizUITests/Info.plist;
				LD_RUNPATH_SEARCH_PATHS = "$(inherited) @executable_path/Frameworks @loader_path/Frameworks";
				PRODUCT_BUNDLE_IDENTIFIER = com.jintao.QuizUITests;
				PRODUCT_NAME = "$(TARGET_NAME)";
				SWIFT_VERSION = 3.0;
				TEST_TARGET_NAME = Quiz;
			};
			name = Debug;
		};
		A97FBF4F1F8AD7D100FFDC66 /* Release */ = {
			isa = XCBuildConfiguration;
			buildSettings = {
				ALWAYS_EMBED_SWIFT_STANDARD_LIBRARIES = YES;
				INFOPLIST_FILE = QuizUITests/Info.plist;
				LD_RUNPATH_SEARCH_PATHS = "$(inherited) @executable_path/Frameworks @loader_path/Frameworks";
				PRODUCT_BUNDLE_IDENTIFIER = com.jintao.QuizUITests;
				PRODUCT_NAME = "$(TARGET_NAME)";
				SWIFT_VERSION = 3.0;
				TEST_TARGET_NAME = Quiz;
			};
			name = Release;
		};
/* End XCBuildConfiguration section */

/* Begin XCConfigurationList section */
		A97FBF1A1F8AD7D100FFDC66 /* Build configuration list for PBXProject "Quiz" */ = {
			isa = XCConfigurationList;
			buildConfigurations = (
				A97FBF451F8AD7D100FFDC66 /* Debug */,
				A97FBF461F8AD7D100FFDC66 /* Release */,
			);
			defaultConfigurationIsVisible = 0;
			defaultConfigurationName = Release;
		};
		A97FBF471F8AD7D100FFDC66 /* Build configuration list for PBXNativeTarget "Quiz" */ = {
			isa = XCConfigurationList;
			buildConfigurations = (
				A97FBF481F8AD7D100FFDC66 /* Debug */,
				A97FBF491F8AD7D100FFDC66 /* Release */,
			);
			defaultConfigurationIsVisible = 0;
		};
		A97FBF4A1F8AD7D100FFDC66 /* Build configuration list for PBXNativeTarget "QuizTests" */ = {
			isa = XCConfigurationList;
			buildConfigurations = (
				A97FBF4B1F8AD7D100FFDC66 /* Debug */,
				A97FBF4C1F8AD7D100FFDC66 /* Release */,
			);
			defaultConfigurationIsVisible = 0;
		};
		A97FBF4D1F8AD7D100FFDC66 /* Build configuration list for PBXNativeTarget "QuizUITests" */ = {
			isa = XCConfigurationList;
			buildConfigurations = (
				A97FBF4E1F8AD7D100FFDC66 /* Debug */,
				A97FBF4F1F8AD7D100FFDC66 /* Release */,
			);
			defaultConfigurationIsVisible = 0;
		};
/* End XCConfigurationList section */
	};
	rootObject = A97FBF171F8AD7D100FFDC66 /* Project object */;
}
