// !$*UTF8*$!
{
	archiveVersion = 1;
	classes = {
	};
	objectVersion = 46;
	objects = {

/* Begin PBXBuildFile section */
		43044E39B0486CA16B236E8C /* Pods_Quiz.framework in Frameworks */ = {isa = PBXBuildFile; fileRef = AE07FFF98869C6622FC99198 /* Pods_Quiz.framework */; };
		A97FBF231F8AD7D100FFDC66 /* AppDelegate.swift in Sources */ = {isa = PBXBuildFile; fileRef = A97FBF221F8AD7D100FFDC66 /* AppDelegate.swift */; };
		A97FBF251F8AD7D100FFDC66 /* ViewController.swift in Sources */ = {isa = PBXBuildFile; fileRef = A97FBF241F8AD7D100FFDC66 /* ViewController.swift */; };
		A97FBF281F8AD7D100FFDC66 /* Main.storyboard in Resources */ = {isa = PBXBuildFile; fileRef = A97FBF261F8AD7D100FFDC66 /* Main.storyboard */; };
		A97FBF2A1F8AD7D100FFDC66 /* Assets.xcassets in Resources */ = {isa = PBXBuildFile; fileRef = A97FBF291F8AD7D100FFDC66 /* Assets.xcassets */; };
		A97FBF2D1F8AD7D100FFDC66 /* LaunchScreen.storyboard in Resources */ = {isa = PBXBuildFile; fileRef = A97FBF2B1F8AD7D100FFDC66 /* LaunchScreen.storyboard */; };
		A97FBF381F8AD7D100FFDC66 /* QuizTests.swift in Sources */ = {isa = PBXBuildFile; fileRef = A97FBF371F8AD7D100FFDC66 /* QuizTests.swift */; };
		A97FBF431F8AD7D100FFDC66 /* QuizUITests.swift in Sources */ = {isa = PBXBuildFile; fileRef = A97FBF421F8AD7D100FFDC66 /* QuizUITests.swift */; };
		EDBA5394BFE297179EDBF428 /* Pods_QuizUITests.framework in Frameworks */ = {isa = PBXBuildFile; fileRef = 53D4690F0DE831BA48FA7E66 /* Pods_QuizUITests.framework */; };
		FC50D59FDE82C4F84F717D59 /* Pods_QuizTests.framework in Frameworks */ = {isa = PBXBuildFile; fileRef = 53B415132B726B12E09E84B1 /* Pods_QuizTests.framework */; };
/* End PBXBuildFile section */

/* Begin PBXContainerItemProxy section */
		A97FBF341F8AD7D100FFDC66 /* PBXContainerItemProxy */ = {
			isa = PBXContainerItemProxy;
			containerPortal = A97FBF171F8AD7D100FFDC66 /* Project object */;
			proxyType = 1;
			remoteGlobalIDString = A97FBF1E1F8AD7D100FFDC66;
			remoteInfo = Quiz;
		};
		A97FBF3F1F8AD7D100FFDC66 /* PBXContainerItemProxy */ = {
			isa = PBXContainerItemProxy;
			containerPortal = A97FBF171F8AD7D100FFDC66 /* Project object */;
			proxyType = 1;
			remoteGlobalIDString = A97FBF1E1F8AD7D100FFDC66;
			remoteInfo = Quiz;
		};
/* End PBXContainerItemProxy section */

/* Begin PBXFileReference section */
		3543A9E18B14AE3C3C1CA297 /* Pods-QuizUITests.release.xcconfig */ = {isa = PBXFileReference; includeInIndex = 1; lastKnownFileType = text.xcconfig; name = "Pods-QuizUITests.release.xcconfig"; path = "Pods/Target Support Files/Pods-QuizUITests/Pods-QuizUITests.release.xcconfig"; sourceTree = "<group>"; };
		53B415132B726B12E09E84B1 /* Pods_QuizTests.framework */ = {isa = PBXFileReference; explicitFileType = wrapper.framework; includeInIndex = 0; path = Pods_QuizTests.framework; sourceTree = BUILT_PRODUCTS_DIR; };
		53D4690F0DE831BA48FA7E66 /* Pods_QuizUITests.framework */ = {isa = PBXFileReference; explicitFileType = wrapper.framework; includeInIndex = 0; path = Pods_QuizUITests.framework; sourceTree = BUILT_PRODUCTS_DIR; };
		7BB8E81E65D8B6EFA7000AAB /* Pods-QuizTests.debug.xcconfig */ = {isa = PBXFileReference; includeInIndex = 1; lastKnownFileType = text.xcconfig; name = "Pods-QuizTests.debug.xcconfig"; path = "Pods/Target Support Files/Pods-QuizTests/Pods-QuizTests.debug.xcconfig"; sourceTree = "<group>"; };
		9101D70844C16B6D34CC7E60 /* Pods-Quiz.release.xcconfig */ = {isa = PBXFileReference; includeInIndex = 1; lastKnownFileType = text.xcconfig; name = "Pods-Quiz.release.xcconfig"; path = "Pods/Target Support Files/Pods-Quiz/Pods-Quiz.release.xcconfig"; sourceTree = "<group>"; };
		A5B957C94B37F401B19F59DA /* Pods-QuizUITests.debug.xcconfig */ = {isa = PBXFileReference; includeInIndex = 1; lastKnownFileType = text.xcconfig; name = "Pods-QuizUITests.debug.xcconfig"; path = "Pods/Target Support Files/Pods-QuizUITests/Pods-QuizUITests.debug.xcconfig"; sourceTree = "<group>"; };
		A6FEE9A8236E68C0BFA5DA56 /* Pods-Quiz.debug.xcconfig */ = {isa = PBXFileReference; includeInIndex = 1; lastKnownFileType = text.xcconfig; name = "Pods-Quiz.debug.xcconfig"; path = "Pods/Target Support Files/Pods-Quiz/Pods-Quiz.debug.xcconfig"; sourceTree = "<group>"; };
		A97FBF1F1F8AD7D100FFDC66 /* Quiz.app */ = {isa = PBXFileReference; explicitFileType = wrapper.application; includeInIndex = 0; path = Quiz.app; sourceTree = BUILT_PRODUCTS_DIR; };
		A97FBF221F8AD7D100FFDC66 /* AppDelegate.swift */ = {isa = PBXFileReference; lastKnownFileType = sourcecode.swift; path = AppDelegate.swift; sourceTree = "<group>"; };
		A97FBF241F8AD7D100FFDC66 /* ViewController.swift */ = {isa = PBXFileReference; lastKnownFileType = sourcecode.swift; path = ViewController.swift; sourceTree = "<group>"; };
		A97FBF271F8AD7D100FFDC66 /* Base */ = {isa = PBXFileReference; lastKnownFileType = file.storyboard; name = Base; path = Base.lproj/Main.storyboard; sourceTree = "<group>"; };
		A97FBF291F8AD7D100FFDC66 /* Assets.xcassets */ = {isa = PBXFileReference; lastKnownFileType = folder.assetcatalog; path = Assets.xcassets; sourceTree = "<group>"; };
		A97FBF2C1F8AD7D100FFDC66 /* Base */ = {isa = PBXFileReference; lastKnownFileType = file.storyboard; name = Base; path = Base.lproj/LaunchScreen.storyboard; sourceTree = "<group>"; };
		A97FBF2E1F8AD7D100FFDC66 /* Info.plist */ = {isa = PBXFileReference; lastKnownFileType = text.plist.xml; path = Info.plist; sourceTree = "<group>"; };
		A97FBF331F8AD7D100FFDC66 /* QuizTests.xctest */ = {isa = PBXFileReference; explicitFileType = wrapper.cfbundle; includeInIndex = 0; path = QuizTests.xctest; sourceTree = BUILT_PRODUCTS_DIR; };
		A97FBF371F8AD7D100FFDC66 /* QuizTests.swift */ = {isa = PBXFileReference; lastKnownFileType = sourcecode.swift; path = QuizTests.swift; sourceTree = "<group>"; };
		A97FBF391F8AD7D100FFDC66 /* Info.plist */ = {isa = PBXFileReference; lastKnownFileType = text.plist.xml; path = Info.plist; sourceTree = "<group>"; };
		A97FBF3E1F8AD7D100FFDC66 /* QuizUITests.xctest */ = {isa = PBXFileReference; explicitFileType = wrapper.cfbundle; includeInIndex = 0; path = QuizUITests.xctest; sourceTree = BUILT_PRODUCTS_DIR; };
		A97FBF421F8AD7D100FFDC66 /* QuizUITests.swift */ = {isa = PBXFileReference; lastKnownFileType = sourcecode.swift; path = QuizUITests.swift; sourceTree = "<group>"; };
		A97FBF441F8AD7D100FFDC66 /* Info.plist */ = {isa = PBXFileReference; lastKnownFileType = text.plist.xml; path = Info.plist; sourceTree = "<group>"; };
		AE07FFF98869C6622FC99198 /* Pods_Quiz.framework */ = {isa = PBXFileReference; explicitFileType = wrapper.framework; includeInIndex = 0; path = Pods_Quiz.framework; sourceTree = BUILT_PRODUCTS_DIR; };
		AE30A0592553BB6265AC0D6D /* Pods-QuizTests.release.xcconfig */ = {isa = PBXFileReference; includeInIndex = 1; lastKnownFileType = text.xcconfig; name = "Pods-QuizTests.release.xcconfig"; path = "Pods/Target Support Files/Pods-QuizTests/Pods-QuizTests.release.xcconfig"; sourceTree = "<group>"; };
/* End PBXFileReference section */

/* Begin PBXFrameworksBuildPhase section */
		A97FBF1C1F8AD7D100FFDC66 /* Frameworks */ = {
			isa = PBXFrameworksBuildPhase;
			buildActionMask = 2147483647;
			files = (
				43044E39B0486CA16B236E8C /* Pods_Quiz.framework in Frameworks */,
			);
			runOnlyForDeploymentPostprocessing = 0;
		};
		A97FBF301F8AD7D100FFDC66 /* Frameworks */ = {
			isa = PBXFrameworksBuildPhase;
			buildActionMask = 2147483647;
			files = (
				FC50D59FDE82C4F84F717D59 /* Pods_QuizTests.framework in Frameworks */,
			);
			runOnlyForDeploymentPostprocessing = 0;
		};
		A97FBF3B1F8AD7D100FFDC66 /* Frameworks */ = {
			isa = PBXFrameworksBuildPhase;
			buildActionMask = 2147483647;
			files = (
				EDBA5394BFE297179EDBF428 /* Pods_QuizUITests.framework in Frameworks */,
			);
			runOnlyForDeploymentPostprocessing = 0;
		};
/* End PBXFrameworksBuildPhase section */

/* Begin PBXGroup section */
		96467B7A00259373FB9BBF9E /* Frameworks */ = {
			isa = PBXGroup;
			children = (
				AE07FFF98869C6622FC99198 /* Pods_Quiz.framework */,
				53B415132B726B12E09E84B1 /* Pods_QuizTests.framework */,
				53D4690F0DE831BA48FA7E66 /* Pods_QuizUITests.framework */,
			);
			name = Frameworks;
			sourceTree = "<group>";
		};
		A97FBF161F8AD7D100FFDC66 = {
			isa = PBXGroup;
			children = (
				A97FBF211F8AD7D100FFDC66 /* Quiz */,
				A97FBF361F8AD7D100FFDC66 /* QuizTests */,
				A97FBF411F8AD7D100FFDC66 /* QuizUITests */,
				A97FBF201F8AD7D100FFDC66 /* Products */,
				E4C39CBC80FC74DE2BBDD991 /* Pods */,
				96467B7A00259373FB9BBF9E /* Frameworks */,
			);
			sourceTree = "<group>";
		};
		A97FBF201F8AD7D100FFDC66 /* Products */ = {
			isa = PBXGroup;
			children = (
				A97FBF1F1F8AD7D100FFDC66 /* Quiz.app */,
				A97FBF331F8AD7D100FFDC66 /* QuizTests.xctest */,
				A97FBF3E1F8AD7D100FFDC66 /* QuizUITests.xctest */,
			);
			name = Products;
			sourceTree = "<group>";
		};
		A97FBF211F8AD7D100FFDC66 /* Quiz */ = {
			isa = PBXGroup;
			children = (
				A97FBF221F8AD7D100FFDC66 /* AppDelegate.swift */,
				A97FBF241F8AD7D100FFDC66 /* ViewController.swift */,
				A97FBF261F8AD7D100FFDC66 /* Main.storyboard */,
				A97FBF291F8AD7D100FFDC66 /* Assets.xcassets */,
				A97FBF2B1F8AD7D100FFDC66 /* LaunchScreen.storyboard */,
				A97FBF2E1F8AD7D100FFDC66 /* Info.plist */,
			);
			path = Quiz;
			sourceTree = "<group>";
		};
		A97FBF361F8AD7D100FFDC66 /* QuizTests */ = {
			isa = PBXGroup;
			children = (
				A97FBF371F8AD7D100FFDC66 /* QuizTests.swift */,
				A97FBF391F8AD7D100FFDC66 /* Info.plist */,
			);
			path = QuizTests;
			sourceTree = "<group>";
		};
		A97FBF411F8AD7D100FFDC66 /* QuizUITests */ = {
			isa = PBXGroup;
			children = (
				A97FBF421F8AD7D100FFDC66 /* QuizUITests.swift */,
				A97FBF441F8AD7D100FFDC66 /* Info.plist */,
			);
			path = QuizUITests;
			sourceTree = "<group>";
		};
		E4C39CBC80FC74DE2BBDD991 /* Pods */ = {
			isa = PBXGroup;
			children = (
				A6FEE9A8236E68C0BFA5DA56 /* Pods-Quiz.debug.xcconfig */,
				9101D70844C16B6D34CC7E60 /* Pods-Quiz.release.xcconfig */,
				7BB8E81E65D8B6EFA7000AAB /* Pods-QuizTests.debug.xcconfig */,
				AE30A0592553BB6265AC0D6D /* Pods-QuizTests.release.xcconfig */,
				A5B957C94B37F401B19F59DA /* Pods-QuizUITests.debug.xcconfig */,
				3543A9E18B14AE3C3C1CA297 /* Pods-QuizUITests.release.xcconfig */,
			);
			name = Pods;
			sourceTree = "<group>";
		};
/* End PBXGroup section */

/* Begin PBXNativeTarget section */
		A97FBF1E1F8AD7D100FFDC66 /* Quiz */ = {
			isa = PBXNativeTarget;
			buildConfigurationList = A97FBF471F8AD7D100FFDC66 /* Build configuration list for PBXNativeTarget "Quiz" */;
			buildPhases = (
				D920F66A91ED0803D14ACC66 /* [CP] Check Pods Manifest.lock */,
				A97FBF1B1F8AD7D100FFDC66 /* Sources */,
				A97FBF1C1F8AD7D100FFDC66 /* Frameworks */,
				A97FBF1D1F8AD7D100FFDC66 /* Resources */,
				1ADEB939C89047A45DB4468B /* [CP] Embed Pods Frameworks */,
				DA0D14114F222482DB45B878 /* [CP] Copy Pods Resources */,
			);
			buildRules = (
			);
			dependencies = (
			);
			name = Quiz;
			productName = Quiz;
			productReference = A97FBF1F1F8AD7D100FFDC66 /* Quiz.app */;
			productType = "com.apple.product-type.application";
		};
		A97FBF321F8AD7D100FFDC66 /* QuizTests */ = {
			isa = PBXNativeTarget;
			buildConfigurationList = A97FBF4A1F8AD7D100FFDC66 /* Build configuration list for PBXNativeTarget "QuizTests" */;
			buildPhases = (
				5AEFAD0FCA22F1A0EFE3D54F /* [CP] Check Pods Manifest.lock */,
				A97FBF2F1F8AD7D100FFDC66 /* Sources */,
				A97FBF301F8AD7D100FFDC66 /* Frameworks */,
				A97FBF311F8AD7D100FFDC66 /* Resources */,
				6E182D0C107A87E3FB36E189 /* [CP] Embed Pods Frameworks */,
				6A81F0FDEBED8EB0873CB492 /* [CP] Copy Pods Resources */,
			);
			buildRules = (
			);
			dependencies = (
				A97FBF351F8AD7D100FFDC66 /* PBXTargetDependency */,
			);
			name = QuizTests;
			productName = QuizTests;
			productReference = A97FBF331F8AD7D100FFDC66 /* QuizTests.xctest */;
			productType = "com.apple.product-type.bundle.unit-test";
		};
		A97FBF3D1F8AD7D100FFDC66 /* QuizUITests */ = {
			isa = PBXNativeTarget;
			buildConfigurationList = A97FBF4D1F8AD7D100FFDC66 /* Build configuration list for PBXNativeTarget "QuizUITests" */;
			buildPhases = (
				EDFF92FC19640AF6FF8E3D08 /* [CP] Check Pods Manifest.lock */,
				A97FBF3A1F8AD7D100FFDC66 /* Sources */,
				A97FBF3B1F8AD7D100FFDC66 /* Frameworks */,
				A97FBF3C1F8AD7D100FFDC66 /* Resources */,
				D5D0E80A483AC71B31DBD172 /* [CP] Embed Pods Frameworks */,
				BB9379CEFBFD3CCF6D64BCA3 /* [CP] Copy Pods Resources */,
			);
			buildRules = (
			);
			dependencies = (
				A97FBF401F8AD7D100FFDC66 /* PBXTargetDependency */,
			);
			name = QuizUITests;
			productName = QuizUITests;
			productReference = A97FBF3E1F8AD7D100FFDC66 /* QuizUITests.xctest */;
			productType = "com.apple.product-type.bundle.ui-testing";
		};
/* End PBXNativeTarget section */

/* Begin PBXProject section */
		A97FBF171F8AD7D100FFDC66 /* Project object */ = {
			isa = PBXProject;
			attributes = {
				LastSwiftUpdateCheck = 0810;
				LastUpgradeCheck = 0810;
				ORGANIZATIONNAME = "jin tao";
				TargetAttributes = {
					A97FBF1E1F8AD7D100FFDC66 = {
						CreatedOnToolsVersion = 8.1;
						ProvisioningStyle = Automatic;
					};
					A97FBF321F8AD7D100FFDC66 = {
						CreatedOnToolsVersion = 8.1;
						ProvisioningStyle = Automatic;
						TestTargetID = A97FBF1E1F8AD7D100FFDC66;
					};
					A97FBF3D1F8AD7D100FFDC66 = {
						CreatedOnToolsVersion = 8.1;
						ProvisioningStyle = Automatic;
						TestTargetID = A97FBF1E1F8AD7D100FFDC66;
					};
				};
			};
			buildConfigurationList = A97FBF1A1F8AD7D100FFDC66 /* Build configuration list for PBXProject "Quiz" */;
			compatibilityVersion = "Xcode 3.2";
			developmentRegion = English;
			hasScannedForEncodings = 0;
			knownRegions = (
				en,
				Base,
			);
			mainGroup = A97FBF161F8AD7D100FFDC66;
			productRefGroup = A97FBF201F8AD7D100FFDC66 /* Products */;
			projectDirPath = "";
			projectRoot = "";
			targets = (
				A97FBF1E1F8AD7D100FFDC66 /* Quiz */,
				A97FBF321F8AD7D100FFDC66 /* QuizTests */,
				A97FBF3D1F8AD7D100FFDC66 /* QuizUITests */,
			);
		};
/* End PBXProject section */

/* Begin PBXResourcesBuildPhase section */
		A97FBF1D1F8AD7D100FFDC66 /* Resources */ = {
			isa = PBXResourcesBuildPhase;
			buildActionMask = 2147483647;
			files = (
				A97FBF2D1F8AD7D100FFDC66 /* LaunchScreen.storyboard in Resources */,
				A97FBF2A1F8AD7D100FFDC66 /* Assets.xcassets in Resources */,
				A97FBF281F8AD7D100FFDC66 /* Main.storyboard in Resources */,
			);
			runOnlyForDeploymentPostprocessing = 0;
		};
		A97FBF311F8AD7D100FFDC66 /* Resources */ = {
			isa = PBXResourcesBuildPhase;
			buildActionMask = 2147483647;
			files = (
			);
			runOnlyForDeploymentPostprocessing = 0;
		};
		A97FBF3C1F8AD7D100FFDC66 /* Resources */ = {
			isa = PBXResourcesBuildPhase;
			buildActionMask = 2147483647;
			files = (
			);
			runOnlyForDeploymentPostprocessing = 0;
		};
/* End PBXResourcesBuildPhase section */

/* Begin PBXShellScriptBuildPhase section */
		1ADEB939C89047A45DB4468B /* [CP] Embed Pods Frameworks */ = {
			isa = PBXShellScriptBuildPhase;
			buildActionMask = 2147483647;
			files = (
			);
			inputPaths = (
			);
			name = "[CP] Embed Pods Frameworks";
			outputPaths = (
			);
			runOnlyForDeploymentPostprocessing = 0;
			shellPath = /bin/sh;
			shellScript = "\"${SRCROOT}/Pods/Target Support Files/Pods-Quiz/Pods-Quiz-frameworks.sh\"\n";
			showEnvVarsInLog = 0;
		};
		5AEFAD0FCA22F1A0EFE3D54F /* [CP] Check Pods Manifest.lock */ = {
			isa = PBXShellScriptBuildPhase;
			buildActionMask = 2147483647;
			files = (
			);
			inputPaths = (
			);
			name = "[CP] Check Pods Manifest.lock";
			outputPaths = (
			);
			runOnlyForDeploymentPostprocessing = 0;
			shellPath = /bin/sh;
			shellScript = "diff \"${PODS_PODFILE_DIR_PATH}/Podfile.lock\" \"${PODS_ROOT}/Manifest.lock\" > /dev/null\nif [ $? != 0 ] ; then\n    # print error to STDERR\n    echo \"error: The sandbox is not in sync with the Podfile.lock. Run 'pod install' or update your CocoaPods installation.\" >&2\n    exit 1\nfi\n";
			showEnvVarsInLog = 0;
		};
		6A81F0FDEBED8EB0873CB492 /* [CP] Copy Pods Resources */ = {
			isa = PBXShellScriptBuildPhase;
			buildActionMask = 2147483647;
			files = (
			);
			inputPaths = (
			);
			name = "[CP] Copy Pods Resources";
			outputPaths = (
			);
			runOnlyForDeploymentPostprocessing = 0;
			shellPath = /bin/sh;
			shellScript = "\"${SRCROOT}/Pods/Target Support Files/Pods-QuizTests/Pods-QuizTests-resources.sh\"\n";
			showEnvVarsInLog = 0;
		};
		6E182D0C107A87E3FB36E189 /* [CP] Embed Pods Frameworks */ = {
			isa = PBXShellScriptBuildPhase;
			buildActionMask = 2147483647;
			files = (
			);
			inputPaths = (
			);
			name = "[CP] Embed Pods Frameworks";
			outputPaths = (
			);
			runOnlyForDeploymentPostprocessing = 0;
			shellPath = /bin/sh;
			shellScript = "\"${SRCROOT}/Pods/Target Support Files/Pods-QuizTests/Pods-QuizTests-frameworks.sh\"\n";
			showEnvVarsInLog = 0;
		};
		BB9379CEFBFD3CCF6D64BCA3 /* [CP] Copy Pods Resources */ = {
			isa = PBXShellScriptBuildPhase;
			buildActionMask = 2147483647;
			files = (
			);
			inputPaths = (
			);
			name = "[CP] Copy Pods Resources";
			outputPaths = (
			);
			runOnlyForDeploymentPostprocessing = 0;
			shellPath = /bin/sh;
			shellScript = "\"${SRCROOT}/Pods/Target Support Files/Pods-QuizUITests/Pods-QuizUITests-resources.sh\"\n";
			showEnvVarsInLog = 0;
		};
		D5D0E80A483AC71B31DBD172 /* [CP] Embed Pods Frameworks */ = {
			isa = PBXShellScriptBuildPhase;
			buildActionMask = 2147483647;
			files = (
			);
			inputPaths = (
			);
			name = "[CP] Embed Pods Frameworks";
			outputPaths = (
			);
			runOnlyForDeploymentPostprocessing = 0;
			shellPath = /bin/sh;
			shellScript = "\"${SRCROOT}/Pods/Target Support Files/Pods-QuizUITests/Pods-QuizUITests-frameworks.sh\"\n";
			showEnvVarsInLog = 0;
		};
		D920F66A91ED0803D14ACC66 /* [CP] Check Pods Manifest.lock */ = {
			isa = PBXShellScriptBuildPhase;
			buildActionMask = 2147483647;
			files = (
			);
			inputPaths = (
			);
			name = "[CP] Check Pods Manifest.lock";
			outputPaths = (
			);
			runOnlyForDeploymentPostprocessing = 0;
			shellPath = /bin/sh;
			shellScript = "diff \"${PODS_PODFILE_DIR_PATH}/Podfile.lock\" \"${PODS_ROOT}/Manifest.lock\" > /dev/null\nif [ $? != 0 ] ; then\n    # print error to STDERR\n    echo \"error: The sandbox is not in sync with the Podfile.lock. Run 'pod install' or update your CocoaPods installation.\" >&2\n    exit 1\nfi\n";
			showEnvVarsInLog = 0;
		};
		DA0D14114F222482DB45B878 /* [CP] Copy Pods Resources */ = {
			isa = PBXShellScriptBuildPhase;
			buildActionMask = 2147483647;
			files = (
			);
			inputPaths = (
			);
			name = "[CP] Copy Pods Resources";
			outputPaths = (
			);
			runOnlyForDeploymentPostprocessing = 0;
			shellPath = /bin/sh;
			shellScript = "\"${SRCROOT}/Pods/Target Support Files/Pods-Quiz/Pods-Quiz-resources.sh\"\n";
			showEnvVarsInLog = 0;
		};
		EDFF92FC19640AF6FF8E3D08 /* [CP] Check Pods Manifest.lock */ = {
			isa = PBXShellScriptBuildPhase;
			buildActionMask = 2147483647;
			files = (
			);
			inputPaths = (
			);
			name = "[CP] Check Pods Manifest.lock";
			outputPaths = (
			);
			runOnlyForDeploymentPostprocessing = 0;
			shellPath = /bin/sh;
			shellScript = "diff \"${PODS_PODFILE_DIR_PATH}/Podfile.lock\" \"${PODS_ROOT}/Manifest.lock\" > /dev/null\nif [ $? != 0 ] ; then\n    # print error to STDERR\n    echo \"error: The sandbox is not in sync with the Podfile.lock. Run 'pod install' or update your CocoaPods installation.\" >&2\n    exit 1\nfi\n";
			showEnvVarsInLog = 0;
		};
/* End PBXShellScriptBuildPhase section */

/* Begin PBXSourcesBuildPhase section */
		A97FBF1B1F8AD7D100FFDC66 /* Sources */ = {
			isa = PBXSourcesBuildPhase;
			buildActionMask = 2147483647;
			files = (
				A97FBF251F8AD7D100FFDC66 /* ViewController.swift in Sources */,
				A97FBF231F8AD7D100FFDC66 /* AppDelegate.swift in Sources */,
			);
			runOnlyForDeploymentPostprocessing = 0;
		};
		A97FBF2F1F8AD7D100FFDC66 /* Sources */ = {
			isa = PBXSourcesBuildPhase;
			buildActionMask = 2147483647;
			files = (
				A97FBF381F8AD7D100FFDC66 /* QuizTests.swift in Sources */,
			);
			runOnlyForDeploymentPostprocessing = 0;
		};
		A97FBF3A1F8AD7D100FFDC66 /* Sources */ = {
			isa = PBXSourcesBuildPhase;
			buildActionMask = 2147483647;
			files = (
				A97FBF431F8AD7D100FFDC66 /* QuizUITests.swift in Sources */,
			);
			runOnlyForDeploymentPostprocessing = 0;
		};
/* End PBXSourcesBuildPhase section */

/* Begin PBXTargetDependency section */
		A97FBF351F8AD7D100FFDC66 /* PBXTargetDependency */ = {
			isa = PBXTargetDependency;
			target = A97FBF1E1F8AD7D100FFDC66 /* Quiz */;
			targetProxy = A97FBF341F8AD7D100FFDC66 /* PBXContainerItemProxy */;
		};
		A97FBF401F8AD7D100FFDC66 /* PBXTargetDependency */ = {
			isa = PBXTargetDependency;
			target = A97FBF1E1F8AD7D100FFDC66 /* Quiz */;
			targetProxy = A97FBF3F1F8AD7D100FFDC66 /* PBXContainerItemProxy */;
		};
/* End PBXTargetDependency section */

/* Begin PBXVariantGroup section */
		A97FBF261F8AD7D100FFDC66 /* Main.storyboard */ = {
			isa = PBXVariantGroup;
			children = (
				A97FBF271F8AD7D100FFDC66 /* Base */,
			);
			name = Main.storyboard;
			sourceTree = "<group>";
		};
		A97FBF2B1F8AD7D100FFDC66 /* LaunchScreen.storyboard */ = {
			isa = PBXVariantGroup;
			children = (
				A97FBF2C1F8AD7D100FFDC66 /* Base */,
			);
			name = LaunchScreen.storyboard;
			sourceTree = "<group>";
		};
/* End PBXVariantGroup section */

/* Begin XCBuildConfiguration section */
		A97FBF451F8AD7D100FFDC66 /* Debug */ = {
			isa = XCBuildConfiguration;
			buildSettings = {
				ALWAYS_SEARCH_USER_PATHS = NO;
				CLANG_ANALYZER_NONNULL = YES;
				CLANG_CXX_LANGUAGE_STANDARD = "gnu++0x";
				CLANG_CXX_LIBRARY = "libc++";
				CLANG_ENABLE_MODULES = YES;
				CLANG_ENABLE_OBJC_ARC = YES;
				CLANG_WARN_BOOL_CONVERSION = YES;
				CLANG_WARN_CONSTANT_CONVERSION = YES;
				CLANG_WARN_DIRECT_OBJC_ISA_USAGE = YES_ERROR;
				CLANG_WARN_DOCUMENTATION_COMMENTS = YES;
				CLANG_WARN_EMPTY_BODY = YES;
				CLANG_WARN_ENUM_CONVERSION = YES;
				CLANG_WARN_INFINITE_RECURSION = YES;
				CLANG_WARN_INT_CONVERSION = YES;
				CLANG_WARN_OBJC_ROOT_CLASS = YES_ERROR;
				CLANG_WARN_SUSPICIOUS_MOVES = YES;
				CLANG_WARN_UNREACHABLE_CODE = YES;
				CLANG_WARN__DUPLICATE_METHOD_MATCH = YES;
				"CODE_SIGN_IDENTITY[sdk=iphoneos*]" = "iPhone Developer";
				COPY_PHASE_STRIP = NO;
				DEBUG_INFORMATION_FORMAT = dwarf;
				ENABLE_STRICT_OBJC_MSGSEND = YES;
				ENABLE_TESTABILITY = YES;
				GCC_C_LANGUAGE_STANDARD = gnu99;
				GCC_DYNAMIC_NO_PIC = NO;
				GCC_NO_COMMON_BLOCKS = YES;
				GCC_OPTIMIZATION_LEVEL = 0;
				GCC_PREPROCESSOR_DEFINITIONS = (
					"DEBUG=1",
					"$(inherited)",
				);
				GCC_WARN_64_TO_32_BIT_CONVERSION = YES;
				GCC_WARN_ABOUT_RETURN_TYPE = YES_ERROR;
				GCC_WARN_UNDECLARED_SELECTOR = YES;
				GCC_WARN_UNINITIALIZED_AUTOS = YES_AGGRESSIVE;
				GCC_WARN_UNUSED_FUNCTION = YES;
				GCC_WARN_UNUSED_VARIABLE = YES;
				IPHONEOS_DEPLOYMENT_TARGET = 10.1;
				MTL_ENABLE_DEBUG_INFO = YES;
				ONLY_ACTIVE_ARCH = YES;
				SDKROOT = iphoneos;
				SWIFT_ACTIVE_COMPILATION_CONDITIONS = DEBUG;
				SWIFT_OPTIMIZATION_LEVEL = "-Onone";
			};
			name = Debug;
		};
		A97FBF461F8AD7D100FFDC66 /* Release */ = {
			isa = XCBuildConfiguration;
			buildSettings = {
				ALWAYS_SEARCH_USER_PATHS = NO;
				CLANG_ANALYZER_NONNULL = YES;
				CLANG_CXX_LANGUAGE_STANDARD = "gnu++0x";
				CLANG_CXX_LIBRARY = "libc++";
				CLANG_ENABLE_MODULES = YES;
				CLANG_ENABLE_OBJC_ARC = YES;
				CLANG_WARN_BOOL_CONVERSION = YES;
				CLANG_WARN_CONSTANT_CONVERSION = YES;
				CLANG_WARN_DIRECT_OBJC_ISA_USAGE = YES_ERROR;
				CLANG_WARN_DOCUMENTATION_COMMENTS = YES;
				CLANG_WARN_EMPTY_BODY = YES;
				CLANG_WARN_ENUM_CONVERSION = YES;
				CLANG_WARN_INFINITE_RECURSION = YES;
				CLANG_WARN_INT_CONVERSION = YES;
				CLANG_WARN_OBJC_ROOT_CLASS = YES_ERROR;
				CLANG_WARN_SUSPICIOUS_MOVES = YES;
				CLANG_WARN_UNREACHABLE_CODE = YES;
				CLANG_WARN__DUPLICATE_METHOD_MATCH = YES;
				"CODE_SIGN_IDENTITY[sdk=iphoneos*]" = "iPhone Developer";
				COPY_PHASE_STRIP = NO;
				DEBUG_INFORMATION_FORMAT = "dwarf-with-dsym";
				ENABLE_NS_ASSERTIONS = NO;
				ENABLE_STRICT_OBJC_MSGSEND = YES;
				GCC_C_LANGUAGE_STANDARD = gnu99;
				GCC_NO_COMMON_BLOCKS = YES;
				GCC_WARN_64_TO_32_BIT_CONVERSION = YES;
				GCC_WARN_ABOUT_RETURN_TYPE = YES_ERROR;
				GCC_WARN_UNDECLARED_SELECTOR = YES;
				GCC_WARN_UNINITIALIZED_AUTOS = YES_AGGRESSIVE;
				GCC_WARN_UNUSED_FUNCTION = YES;
				GCC_WARN_UNUSED_VARIABLE = YES;
				IPHONEOS_DEPLOYMENT_TARGET = 10.1;
				MTL_ENABLE_DEBUG_INFO = NO;
				SDKROOT = iphoneos;
				SWIFT_OPTIMIZATION_LEVEL = "-Owholemodule";
				VALIDATE_PRODUCT = YES;
			};
			name = Release;
		};
		A97FBF481F8AD7D100FFDC66 /* Debug */ = {
			isa = XCBuildConfiguration;
			baseConfigurationReference = A6FEE9A8236E68C0BFA5DA56 /* Pods-Quiz.debug.xcconfig */;
			buildSettings = {
				ASSETCATALOG_COMPILER_APPICON_NAME = AppIcon;
				INFOPLIST_FILE = Quiz/Info.plist;
				LD_RUNPATH_SEARCH_PATHS = "$(inherited) @executable_path/Frameworks";
				PRODUCT_BUNDLE_IDENTIFIER = com.jintao.Quiz;
				PRODUCT_NAME = "$(TARGET_NAME)";
				SWIFT_VERSION = 3.0;
			};
			name = Debug;
		};
		A97FBF491F8AD7D100FFDC66 /* Release */ = {
			isa = XCBuildConfiguration;
			baseConfigurationReference = 9101D70844C16B6D34CC7E60 /* Pods-Quiz.release.xcconfig */;
			buildSettings = {
				ASSETCATALOG_COMPILER_APPICON_NAME = AppIcon;
				INFOPLIST_FILE = Quiz/Info.plist;
				LD_RUNPATH_SEARCH_PATHS = "$(inherited) @executable_path/Frameworks";
				PRODUCT_BUNDLE_IDENTIFIER = com.jintao.Quiz;
				PRODUCT_NAME = "$(TARGET_NAME)";
				SWIFT_VERSION = 3.0;
			};
			name = Release;
		};
		A97FBF4B1F8AD7D100FFDC66 /* Debug */ = {
			isa = XCBuildConfiguration;
			baseConfigurationReference = 7BB8E81E65D8B6EFA7000AAB /* Pods-QuizTests.debug.xcconfig */;
			buildSettings = {
				ALWAYS_EMBED_SWIFT_STANDARD_LIBRARIES = YES;
				BUNDLE_LOADER = "$(TEST_HOST)";
				INFOPLIST_FILE = QuizTests/Info.plist;
				LD_RUNPATH_SEARCH_PATHS = "$(inherited) @executable_path/Frameworks @loader_path/Frameworks";
				PRODUCT_BUNDLE_IDENTIFIER = com.jintao.QuizTests;
				PRODUCT_NAME = "$(TARGET_NAME)";
				SWIFT_VERSION = 3.0;
				TEST_HOST = "$(BUILT_PRODUCTS_DIR)/Quiz.app/Quiz";
			};
			name = Debug;
		};
		A97FBF4C1F8AD7D100FFDC66 /* Release */ = {
			isa = XCBuildConfiguration;
			baseConfigurationReference = AE30A0592553BB6265AC0D6D /* Pods-QuizTests.release.xcconfig */;
			buildSettings = {
				ALWAYS_EMBED_SWIFT_STANDARD_LIBRARIES = YES;
				BUNDLE_LOADER = "$(TEST_HOST)";
				INFOPLIST_FILE = QuizTests/Info.plist;
				LD_RUNPATH_SEARCH_PATHS = "$(inherited) @executable_path/Frameworks @loader_path/Frameworks";
				PRODUCT_BUNDLE_IDENTIFIER = com.jintao.QuizTests;
				PRODUCT_NAME = "$(TARGET_NAME)";
				SWIFT_VERSION = 3.0;
				TEST_HOST = "$(BUILT_PRODUCTS_DIR)/Quiz.app/Quiz";
			};
			name = Release;
		};
		A97FBF4E1F8AD7D100FFDC66 /* Debug */ = {
			isa = XCBuildConfiguration;
			baseConfigurationReference = A5B957C94B37F401B19F59DA /* Pods-QuizUITests.debug.xcconfig */;
			buildSettings = {
				ALWAYS_EMBED_SWIFT_STANDARD_LIBRARIES = YES;
				INFOPLIST_FILE = QuizUITests/Info.plist;
				LD_RUNPATH_SEARCH_PATHS = "$(inherited) @executable_path/Frameworks @loader_path/Frameworks";
				PRODUCT_BUNDLE_IDENTIFIER = com.jintao.QuizUITests;
				PRODUCT_NAME = "$(TARGET_NAME)";
				SWIFT_VERSION = 3.0;
				TEST_TARGET_NAME = Quiz;
			};
			name = Debug;
		};
		A97FBF4F1F8AD7D100FFDC66 /* Release */ = {
			isa = XCBuildConfiguration;
			baseConfigurationReference = 3543A9E18B14AE3C3C1CA297 /* Pods-QuizUITests.release.xcconfig */;
			buildSettings = {
				ALWAYS_EMBED_SWIFT_STANDARD_LIBRARIES = YES;
				INFOPLIST_FILE = QuizUITests/Info.plist;
				LD_RUNPATH_SEARCH_PATHS = "$(inherited) @executable_path/Frameworks @loader_path/Frameworks";
				PRODUCT_BUNDLE_IDENTIFIER = com.jintao.QuizUITests;
				PRODUCT_NAME = "$(TARGET_NAME)";
				SWIFT_VERSION = 3.0;
				TEST_TARGET_NAME = Quiz;
			};
			name = Release;
		};
/* End XCBuildConfiguration section */

/* Begin XCConfigurationList section */
		A97FBF1A1F8AD7D100FFDC66 /* Build configuration list for PBXProject "Quiz" */ = {
			isa = XCConfigurationList;
			buildConfigurations = (
				A97FBF451F8AD7D100FFDC66 /* Debug */,
				A97FBF461F8AD7D100FFDC66 /* Release */,
			);
			defaultConfigurationIsVisible = 0;
			defaultConfigurationName = Release;
		};
		A97FBF471F8AD7D100FFDC66 /* Build configuration list for PBXNativeTarget "Quiz" */ = {
			isa = XCConfigurationList;
			buildConfigurations = (
				A97FBF481F8AD7D100FFDC66 /* Debug */,
				A97FBF491F8AD7D100FFDC66 /* Release */,
			);
			defaultConfigurationIsVisible = 0;
		};
		A97FBF4A1F8AD7D100FFDC66 /* Build configuration list for PBXNativeTarget "QuizTests" */ = {
			isa = XCConfigurationList;
			buildConfigurations = (
				A97FBF4B1F8AD7D100FFDC66 /* Debug */,
				A97FBF4C1F8AD7D100FFDC66 /* Release */,
			);
			defaultConfigurationIsVisible = 0;
		};
		A97FBF4D1F8AD7D100FFDC66 /* Build configuration list for PBXNativeTarget "QuizUITests" */ = {
			isa = XCConfigurationList;
			buildConfigurations = (
				A97FBF4E1F8AD7D100FFDC66 /* Debug */,
				A97FBF4F1F8AD7D100FFDC66 /* Release */,
			);
			defaultConfigurationIsVisible = 0;
		};
/* End XCConfigurationList section */
	};
	rootObject = A97FBF171F8AD7D100FFDC66 /* Project object */;
}
